
Microsoft Visual Studio Solution File, Format Version 12.00
# Visual Studio Version 17
VisualStudioVersion = 17.8.34322.80
MinimumVisualStudioVersion = 10.0.40219.1
<<<<<<< HEAD
<<<<<<< HEAD
Project("{9A19103F-16F7-4668-BE54-9A1E7A4F7556}") = "PokerGUI", "..\PokerGUI\PokerGUI.csproj", "{F34F2DF6-A150-4A1C-B4F6-D941D917E8E7}"
EndProject
Project("{9A19103F-16F7-4668-BE54-9A1E7A4F7556}") = "PokerWinForms", "..\PokerWinForms\PokerWinForms.csproj", "{B42B49B0-9229-44E2-AB36-247F0C8F6208}"
=======
Project("{9A19103F-16F7-4668-BE54-9A1E7A4F7556}") = "Poker", "Poker.csproj", "{F7436FDF-D680-4052-B4E3-0CADB1BEB38B}"
EndProject
Project("{9A19103F-16F7-4668-BE54-9A1E7A4F7556}") = "PokerWinForms", "..\PokerWinForms\PokerWinForms.csproj", "{B2B40861-0B4B-457B-A03F-F5050DEF3F61}"
>>>>>>> 91938fb9c2dcda13ed53318bfcd2456b5a5c4402
=======
Project("{9A19103F-16F7-4668-BE54-9A1E7A4F7556}") = "Poker", "Poker.csproj", "{F7436FDF-D680-4052-B4E3-0CADB1BEB38B}"
EndProject
Project("{9A19103F-16F7-4668-BE54-9A1E7A4F7556}") = "PokerWinForms", "..\PokerWinForms\PokerWinForms.csproj", "{B2B40861-0B4B-457B-A03F-F5050DEF3F61}"
>>>>>>> 91938fb9c2dcda13ed53318bfcd2456b5a5c4402
EndProject
Global
	GlobalSection(SolutionConfigurationPlatforms) = preSolution
		Debug|Any CPU = Debug|Any CPU
		Release|Any CPU = Release|Any CPU
	EndGlobalSection
	GlobalSection(ProjectConfigurationPlatforms) = postSolution
<<<<<<< HEAD
<<<<<<< HEAD
		{F34F2DF6-A150-4A1C-B4F6-D941D917E8E7}.Debug|Any CPU.ActiveCfg = Debug|Any CPU
		{F34F2DF6-A150-4A1C-B4F6-D941D917E8E7}.Debug|Any CPU.Build.0 = Debug|Any CPU
		{F34F2DF6-A150-4A1C-B4F6-D941D917E8E7}.Release|Any CPU.ActiveCfg = Release|Any CPU
		{F34F2DF6-A150-4A1C-B4F6-D941D917E8E7}.Release|Any CPU.Build.0 = Release|Any CPU
		{B42B49B0-9229-44E2-AB36-247F0C8F6208}.Debug|Any CPU.ActiveCfg = Debug|Any CPU
		{B42B49B0-9229-44E2-AB36-247F0C8F6208}.Debug|Any CPU.Build.0 = Debug|Any CPU
		{B42B49B0-9229-44E2-AB36-247F0C8F6208}.Release|Any CPU.ActiveCfg = Release|Any CPU
		{B42B49B0-9229-44E2-AB36-247F0C8F6208}.Release|Any CPU.Build.0 = Release|Any CPU
=======
=======
>>>>>>> 91938fb9c2dcda13ed53318bfcd2456b5a5c4402
		{F7436FDF-D680-4052-B4E3-0CADB1BEB38B}.Debug|Any CPU.ActiveCfg = Debug|Any CPU
		{F7436FDF-D680-4052-B4E3-0CADB1BEB38B}.Debug|Any CPU.Build.0 = Debug|Any CPU
		{F7436FDF-D680-4052-B4E3-0CADB1BEB38B}.Release|Any CPU.ActiveCfg = Release|Any CPU
		{F7436FDF-D680-4052-B4E3-0CADB1BEB38B}.Release|Any CPU.Build.0 = Release|Any CPU
		{B2B40861-0B4B-457B-A03F-F5050DEF3F61}.Debug|Any CPU.ActiveCfg = Debug|Any CPU
		{B2B40861-0B4B-457B-A03F-F5050DEF3F61}.Debug|Any CPU.Build.0 = Debug|Any CPU
		{B2B40861-0B4B-457B-A03F-F5050DEF3F61}.Release|Any CPU.ActiveCfg = Release|Any CPU
		{B2B40861-0B4B-457B-A03F-F5050DEF3F61}.Release|Any CPU.Build.0 = Release|Any CPU
<<<<<<< HEAD
>>>>>>> 91938fb9c2dcda13ed53318bfcd2456b5a5c4402
=======
>>>>>>> 91938fb9c2dcda13ed53318bfcd2456b5a5c4402
	EndGlobalSection
	GlobalSection(SolutionProperties) = preSolution
		HideSolutionNode = FALSE
	EndGlobalSection
	GlobalSection(ExtensibilityGlobals) = postSolution
		SolutionGuid = {A64AC2B4-CD1A-499B-94EC-159ED2682F21}
	EndGlobalSection
EndGlobal
