
Microsoft Visual Studio Solution File, Format Version 12.00
# Visual Studio Version 17
VisualStudioVersion = 17.8.34330.188
MinimumVisualStudioVersion = 10.0.40219.1
Project("{9A19103F-16F7-4668-BE54-9A1E7A4F7556}") = "PokerWinForms", "PokerWinForms.csproj", "{B1ECF9B2-70F5-49A1-A494-FD0CC0D05668}"
EndProject
Global
	GlobalSection(SolutionConfigurationPlatforms) = preSolution
		Debug|Any CPU = Debug|Any CPU
		Release|Any CPU = Release|Any CPU
	EndGlobalSection
	GlobalSection(ProjectConfigurationPlatforms) = postSolution
		{B1ECF9B2-70F5-49A1-A494-FD0CC0D05668}.Debug|Any CPU.ActiveCfg = Debug|Any CPU
		{B1ECF9B2-70F5-49A1-A494-FD0CC0D05668}.Debug|Any CPU.Build.0 = Debug|Any CPU
		{B1ECF9B2-70F5-49A1-A494-FD0CC0D05668}.Release|Any CPU.ActiveCfg = Release|Any CPU
		{B1ECF9B2-70F5-49A1-A494-FD0CC0D05668}.Release|Any CPU.Build.0 = Release|Any CPU
	EndGlobalSection
	GlobalSection(SolutionProperties) = preSolution
		HideSolutionNode = FALSE
	EndGlobalSection
	GlobalSection(ExtensibilityGlobals) = postSolution
		SolutionGuid = {E5B3AFE5-EC9E-4FFE-BF1E-61D3D651D5BA}
	EndGlobalSection
EndGlobal
